<?xml version="1.0" encoding="utf-8"?>
<Project ToolsVersion="4.0" xmlns="http://schemas.microsoft.com/developer/msbuild/2003">
  <ItemGroup>
    <Filter Include="Source Files">
      <UniqueIdentifier>{4FC737F1-C7A5-4376-A066-2A32D752A2FF}</UniqueIdentifier>
      <Extensions>cpp;c;cc;cxx;def;odl;idl;hpj;bat;asm;asmx</Extensions>
    </Filter>
    <Filter Include="Header Files">
      <UniqueIdentifier>{93995380-89BD-4b04-88EB-625FBE52EBFB}</UniqueIdentifier>
      <Extensions>h;hh;hpp;hxx;hm;inl;inc;ipp;xsd</Extensions>
    </Filter>
    <Filter Include="Resource Files">
      <UniqueIdentifier>{67DA6AB6-F800-4c08-8B7A-83BB121AAD01}</UniqueIdentifier>
      <Extensions>rc;ico;cur;bmp;dlg;rc2;rct;bin;rgs;gif;jpg;jpeg;jpe;resx;tiff;tif;png;wav;mfcribbon-ms</Extensions>
    </Filter>
    <Filter Include="Header Files\Enemies">
      <UniqueIdentifier>{a9562401-5398-46a6-985b-95d276e042ce}</UniqueIdentifier>
    </Filter>
    <Filter Include="Source Files\Enemies">
      <UniqueIdentifier>{9f45bda7-0bc7-477e-aaec-6e01637678e6}</UniqueIdentifier>
    </Filter>
    <Filter Include="Header Files\Grid">
      <UniqueIdentifier>{66212427-f534-4d31-bc43-73f153b63017}</UniqueIdentifier>
    </Filter>
    <Filter Include="Header Files\UI">
      <UniqueIdentifier>{80db0a70-86a0-47b3-ac4a-dc4da2df3612}</UniqueIdentifier>
    </Filter>
    <Filter Include="Source Files\UI">
      <UniqueIdentifier>{63bacb71-ef11-4a01-a4c2-097cd5aac2cb}</UniqueIdentifier>
    </Filter>
    <Filter Include="Source Files\Grid">
      <UniqueIdentifier>{def9cd46-e670-46b5-9250-ac67f6763ddf}</UniqueIdentifier>
    </Filter>
    <Filter Include="Header Files\States">
      <UniqueIdentifier>{fe6537d1-e3c1-4d71-a074-a056b34cafe8}</UniqueIdentifier>
    </Filter>
    <Filter Include="Source Files\States">
      <UniqueIdentifier>{db112ae3-767b-45e1-9677-49980fc9ad08}</UniqueIdentifier>
    </Filter>
    <Filter Include="Source Files\Enemies\Managers">
      <UniqueIdentifier>{813c33f0-3b4a-40c6-a81c-c4476d0e3f4b}</UniqueIdentifier>
    </Filter>
    <Filter Include="Source Files\Enemies\Base Classes">
      <UniqueIdentifier>{94106a58-c82a-4f1b-8883-29fbcf8b820a}</UniqueIdentifier>
    </Filter>
    <Filter Include="Header Files\Enemies\Managers">
      <UniqueIdentifier>{64e73317-61d5-4d49-b2a9-54c0cc881e2a}</UniqueIdentifier>
    </Filter>
    <Filter Include="Header Files\Enemies\Base Classes">
      <UniqueIdentifier>{e9be28eb-4157-4728-ad7d-02997d5a8765}</UniqueIdentifier>
    </Filter>
  </ItemGroup>
  <ItemGroup>
    <ClCompile Include="Sources\Bolt.cpp">
      <Filter>Source Files</Filter>
    </ClCompile>
    <ClCompile Include="Sources\BugBlaster.cpp">
      <Filter>Source Files</Filter>
    </ClCompile>
    <ClCompile Include="Sources\Main.cpp">
      <Filter>Source Files</Filter>
    </ClCompile>
    <ClCompile Include="Sources\Mushroom.cpp">
      <Filter>Source Files</Filter>
    </ClCompile>
    <ClCompile Include="Sources\RandGenerator.cpp">
      <Filter>Source Files</Filter>
    </ClCompile>
    <ClCompile Include="Sources\Grid.cpp">
      <Filter>Source Files\Grid</Filter>
    </ClCompile>
    <ClCompile Include="Sources\Cell.cpp">
      <Filter>Source Files\Grid</Filter>
    </ClCompile>
    <ClCompile Include="Sources\Score.cpp">
      <Filter>Source Files\UI</Filter>
    </ClCompile>
    <ClCompile Include="Sources\CentipedeHead.cpp">
      <Filter>Source Files\Enemies</Filter>
    </ClCompile>
    <ClCompile Include="Sources\CentipedeBody.cpp">
      <Filter>Source Files\Enemies</Filter>
    </ClCompile>
    <ClCompile Include="Sources\SplashState.cpp">
      <Filter>Source Files\States</Filter>
    </ClCompile>
    <ClCompile Include="Sources\MenuState.cpp">
      <Filter>Source Files\States</Filter>
    </ClCompile>
    <ClCompile Include="Sources\GameplayState.cpp">
      <Filter>Source Files\States</Filter>
    </ClCompile>
    <ClCompile Include="Sources\GameStateManager.cpp">
      <Filter>Source Files\States</Filter>
    </ClCompile>
    <ClCompile Include="Sources\GameState.cpp">
      <Filter>Source Files\States</Filter>
    </ClCompile>
    <ClCompile Include="Sources\Button.cpp">
      <Filter>Source Files\UI</Filter>
    </ClCompile>
    <ClCompile Include="Sources\Timer.cpp">
      <Filter>Source Files</Filter>
    </ClCompile>
    <ClCompile Include="Sources\PauseState.cpp">
      <Filter>Source Files\States</Filter>
    </ClCompile>
    <ClCompile Include="Sources\Spider.cpp">
      <Filter>Source Files\Enemies</Filter>
    </ClCompile>
    <ClCompile Include="Sources\Flea.cpp">
      <Filter>Source Files\Enemies</Filter>
    </ClCompile>
    <ClCompile Include="Sources\Animator.cpp">
      <Filter>Source Files</Filter>
    </ClCompile>
    <ClCompile Include="Sources\CentipedeManager.cpp">
      <Filter>Source Files\Enemies\Managers</Filter>
    </ClCompile>
    <ClCompile Include="Sources\FleaManager.cpp">
      <Filter>Source Files\Enemies\Managers</Filter>
    </ClCompile>
    <ClCompile Include="Sources\SpiderManager.cpp">
      <Filter>Source Files\Enemies\Managers</Filter>
    </ClCompile>
    <ClCompile Include="Sources\Enemy.cpp">
      <Filter>Source Files\Enemies\Base Classes</Filter>
    </ClCompile>
    <ClCompile Include="Sources\Centipede.cpp">
      <Filter>Source Files\Enemies\Base Classes</Filter>
    </ClCompile>
  </ItemGroup>
  <ItemGroup>
    <ClInclude Include="Includes\olcPixelGameEngine.h">
      <Filter>Header Files</Filter>
    </ClInclude>
    <ClInclude Include="Includes\Bolt.h">
      <Filter>Header Files</Filter>
    </ClInclude>
    <ClInclude Include="Includes\RandGenerator.h">
      <Filter>Header Files</Filter>
    </ClInclude>
    <ClInclude Include="Includes\BugBlaster.h">
      <Filter>Header Files</Filter>
    </ClInclude>
    <ClInclude Include="Includes\Cell.h">
      <Filter>Header Files\Grid</Filter>
    </ClInclude>
    <ClInclude Include="Includes\Grid.h">
      <Filter>Header Files\Grid</Filter>
    </ClInclude>
    <ClInclude Include="Includes\Score.h">
      <Filter>Header Files\UI</Filter>
    </ClInclude>
    <ClInclude Include="Includes\Mushroom.h">
      <Filter>Header Files</Filter>
    </ClInclude>
    <ClInclude Include="Includes\CentipedeHead.h">
      <Filter>Header Files\Enemies</Filter>
    </ClInclude>
    <ClInclude Include="Includes\CentipedeBody.h">
      <Filter>Header Files\Enemies</Filter>
    </ClInclude>
    <ClInclude Include="Includes\GameplayState.h">
      <Filter>Header Files\States</Filter>
    </ClInclude>
    <ClInclude Include="Includes\SplashState.h">
      <Filter>Header Files\States</Filter>
    </ClInclude>
    <ClInclude Include="Includes\MenuState.h">
      <Filter>Header Files\States</Filter>
    </ClInclude>
    <ClInclude Include="Includes\GameStateManager.h">
      <Filter>Header Files\States</Filter>
    </ClInclude>
    <ClInclude Include="Includes\GameState.h">
      <Filter>Header Files\States</Filter>
    </ClInclude>
    <ClInclude Include="Includes\Button.h">
      <Filter>Header Files\UI</Filter>
    </ClInclude>
    <ClInclude Include="Includes\Timer.h">
      <Filter>Header Files</Filter>
    </ClInclude>
    <ClInclude Include="Includes\PauseState.h">
      <Filter>Header Files\States</Filter>
    </ClInclude>
    <ClInclude Include="Includes\Spider.h">
      <Filter>Header Files\Enemies</Filter>
    </ClInclude>
    <ClInclude Include="Includes\Flea.h">
      <Filter>Header Files\Enemies</Filter>
    </ClInclude>
    <ClInclude Include="Includes\Animator.h">
      <Filter>Header Files</Filter>
    </ClInclude>
    <ClInclude Include="Includes\CentipedeManager.h">
      <Filter>Header Files\Enemies\Managers</Filter>
    </ClInclude>
    <ClInclude Include="Includes\FleaManager.h">
      <Filter>Header Files\Enemies\Managers</Filter>
    </ClInclude>
    <ClInclude Include="Includes\SpiderManager.h">
      <Filter>Header Files\Enemies\Managers</Filter>
    </ClInclude>
    <ClInclude Include="Includes\Centipede.h">
      <Filter>Header Files\Enemies\Base Classes</Filter>
    </ClInclude>
    <ClInclude Include="Includes\Enemy.h">
      <Filter>Header Files\Enemies\Base Classes</Filter>
    </ClInclude>
  </ItemGroup>
</Project>